// !$*UTF8*$!
{
	archiveVersion = 1;
	classes = {
	};
	objectVersion = 51;
	objects = {

/* Begin PBXBuildFile section */
		1C69035F262DE70500BB4DED /* HomePageViewController.swift in Sources */ = {isa = PBXBuildFile; fileRef = 1C69035E262DE70500BB4DED /* HomePageViewController.swift */; };
		1C6C4E82262CB4680067B444 /* Assets.xcassets in Resources */ = {isa = PBXBuildFile; fileRef = 1C6C4E81262CB4680067B444 /* Assets.xcassets */; };
		1C6C4EA1262CD2D60067B444 /* LoginViewController.swift in Sources */ = {isa = PBXBuildFile; fileRef = 1C6C4EA0262CD2D60067B444 /* LoginViewController.swift */; };
		1C6C4EA4262CD5170067B444 /* Constants.swift in Sources */ = {isa = PBXBuildFile; fileRef = 1C6C4EA3262CD5170067B444 /* Constants.swift */; };
		1C6C4EBC262CD7D50067B444 /* SetInterestsViewController.swift in Sources */ = {isa = PBXBuildFile; fileRef = 1C6C4EBB262CD7D50067B444 /* SetInterestsViewController.swift */; };
		1C6EE592262E7FE20067F869 /* Utilities.swift in Sources */ = {isa = PBXBuildFile; fileRef = 1C6EE591262E7FE20067F869 /* Utilities.swift */; };
		7C1C34BF261D913F00C9F893 /* AppDelegate.swift in Sources */ = {isa = PBXBuildFile; fileRef = 7C1C34BE261D913F00C9F893 /* AppDelegate.swift */; };
		7C1C34C1261D913F00C9F893 /* SceneDelegate.swift in Sources */ = {isa = PBXBuildFile; fileRef = 7C1C34C0261D913F00C9F893 /* SceneDelegate.swift */; };
		7C1C34C3261D913F00C9F893 /* RegisterViewController.swift in Sources */ = {isa = PBXBuildFile; fileRef = 7C1C34C2261D913F00C9F893 /* RegisterViewController.swift */; };
		7C1C34C6261D913F00C9F893 /* Main.storyboard in Resources */ = {isa = PBXBuildFile; fileRef = 7C1C34C4261D913F00C9F893 /* Main.storyboard */; };
		7C1C34CB261D914100C9F893 /* LaunchScreen.storyboard in Resources */ = {isa = PBXBuildFile; fileRef = 7C1C34C9261D914100C9F893 /* LaunchScreen.storyboard */; };
		7C2D5C8D2630E01D00342658 /* GoogleService-Info.plist in Resources */ = {isa = PBXBuildFile; fileRef = 7C2D5C8C2630E01D00342658 /* GoogleService-Info.plist */; };
		7C653970262D5A0E00014A51 /* FavoritesCollectionViewController.swift in Sources */ = {isa = PBXBuildFile; fileRef = 7C65396F262D5A0E00014A51 /* FavoritesCollectionViewController.swift */; };
		7C653973262D5B7300014A51 /* SearchCollectionViewController.swift in Sources */ = {isa = PBXBuildFile; fileRef = 7C653972262D5B7300014A51 /* SearchCollectionViewController.swift */; };
		7C653978262E14CB00014A51 /* HomePageCollectionViewController.swift in Sources */ = {isa = PBXBuildFile; fileRef = 7C653977262E14CB00014A51 /* HomePageCollectionViewController.swift */; };
		7C65397C262E181800014A51 /* TopicPreviewCollectionViewCell.swift in Sources */ = {isa = PBXBuildFile; fileRef = 7C65397B262E181800014A51 /* TopicPreviewCollectionViewCell.swift */; };
		7C653983262E41B800014A51 /* QwkColors.swift in Sources */ = {isa = PBXBuildFile; fileRef = 7C653982262E41B800014A51 /* QwkColors.swift */; };
		7C65398B262E63B000014A51 /* UIImageExtensions.swift in Sources */ = {isa = PBXBuildFile; fileRef = 7C65398A262E63B000014A51 /* UIImageExtensions.swift */; };
		7C689410262EAA790024DA06 /* FavoritesItemCollectionViewCell.swift in Sources */ = {isa = PBXBuildFile; fileRef = 7C68940F262EAA790024DA06 /* FavoritesItemCollectionViewCell.swift */; };
		9976943381AF366305B6FD7E /* Pods_qwkipedia.framework in Frameworks */ = {isa = PBXBuildFile; fileRef = 92C770B3D84FFB4686113AC1 /* Pods_qwkipedia.framework */; };
/* End PBXBuildFile section */

/* Begin PBXFileReference section */
		1C69035E262DE70500BB4DED /* HomePageViewController.swift */ = {isa = PBXFileReference; lastKnownFileType = sourcecode.swift; path = HomePageViewController.swift; sourceTree = "<group>"; };
		1C6C4E81262CB4680067B444 /* Assets.xcassets */ = {isa = PBXFileReference; lastKnownFileType = folder.assetcatalog; path = Assets.xcassets; sourceTree = "<group>"; };
		1C6C4EA0262CD2D60067B444 /* LoginViewController.swift */ = {isa = PBXFileReference; lastKnownFileType = sourcecode.swift; path = LoginViewController.swift; sourceTree = "<group>"; };
		1C6C4EA3262CD5170067B444 /* Constants.swift */ = {isa = PBXFileReference; lastKnownFileType = sourcecode.swift; path = Constants.swift; sourceTree = "<group>"; };
		1C6C4EBB262CD7D50067B444 /* SetInterestsViewController.swift */ = {isa = PBXFileReference; lastKnownFileType = sourcecode.swift; path = SetInterestsViewController.swift; sourceTree = "<group>"; };
		1C6EE591262E7FE20067F869 /* Utilities.swift */ = {isa = PBXFileReference; lastKnownFileType = sourcecode.swift; path = Utilities.swift; sourceTree = "<group>"; };
		7C1C34BB261D913F00C9F893 /* qwkipedia.app */ = {isa = PBXFileReference; explicitFileType = wrapper.application; includeInIndex = 0; path = qwkipedia.app; sourceTree = BUILT_PRODUCTS_DIR; };
		7C1C34BE261D913F00C9F893 /* AppDelegate.swift */ = {isa = PBXFileReference; lastKnownFileType = sourcecode.swift; path = AppDelegate.swift; sourceTree = "<group>"; };
		7C1C34C0261D913F00C9F893 /* SceneDelegate.swift */ = {isa = PBXFileReference; lastKnownFileType = sourcecode.swift; path = SceneDelegate.swift; sourceTree = "<group>"; };
		7C1C34C2261D913F00C9F893 /* RegisterViewController.swift */ = {isa = PBXFileReference; lastKnownFileType = sourcecode.swift; path = RegisterViewController.swift; sourceTree = "<group>"; };
		7C1C34C5261D913F00C9F893 /* Base */ = {isa = PBXFileReference; lastKnownFileType = file.storyboard; name = Base; path = Base.lproj/Main.storyboard; sourceTree = "<group>"; };
		7C1C34CA261D914100C9F893 /* Base */ = {isa = PBXFileReference; lastKnownFileType = file.storyboard; name = Base; path = Base.lproj/LaunchScreen.storyboard; sourceTree = "<group>"; };
		7C1C34CC261D914100C9F893 /* Info.plist */ = {isa = PBXFileReference; lastKnownFileType = text.plist.xml; path = Info.plist; sourceTree = "<group>"; };
		7C2D5C8C2630E01D00342658 /* GoogleService-Info.plist */ = {isa = PBXFileReference; fileEncoding = 4; lastKnownFileType = text.plist.xml; path = "GoogleService-Info.plist"; sourceTree = "<group>"; };
		7C65396F262D5A0E00014A51 /* FavoritesCollectionViewController.swift */ = {isa = PBXFileReference; lastKnownFileType = sourcecode.swift; path = FavoritesCollectionViewController.swift; sourceTree = "<group>"; };
		7C653972262D5B7300014A51 /* SearchCollectionViewController.swift */ = {isa = PBXFileReference; lastKnownFileType = sourcecode.swift; path = SearchCollectionViewController.swift; sourceTree = "<group>"; };
		7C653977262E14CB00014A51 /* HomePageCollectionViewController.swift */ = {isa = PBXFileReference; lastKnownFileType = sourcecode.swift; path = HomePageCollectionViewController.swift; sourceTree = "<group>"; };
		7C65397B262E181800014A51 /* TopicPreviewCollectionViewCell.swift */ = {isa = PBXFileReference; lastKnownFileType = sourcecode.swift; path = TopicPreviewCollectionViewCell.swift; sourceTree = "<group>"; };
		7C653982262E41B800014A51 /* QwkColors.swift */ = {isa = PBXFileReference; lastKnownFileType = sourcecode.swift; path = QwkColors.swift; sourceTree = "<group>"; };
		7C65398A262E63B000014A51 /* UIImageExtensions.swift */ = {isa = PBXFileReference; lastKnownFileType = sourcecode.swift; path = UIImageExtensions.swift; sourceTree = "<group>"; };
		7C68940F262EAA790024DA06 /* FavoritesItemCollectionViewCell.swift */ = {isa = PBXFileReference; lastKnownFileType = sourcecode.swift; path = FavoritesItemCollectionViewCell.swift; sourceTree = "<group>"; };
		8979D1FF1C3EB49BB786CD81 /* Pods-qwkipedia.release.xcconfig */ = {isa = PBXFileReference; includeInIndex = 1; lastKnownFileType = text.xcconfig; name = "Pods-qwkipedia.release.xcconfig"; path = "Target Support Files/Pods-qwkipedia/Pods-qwkipedia.release.xcconfig"; sourceTree = "<group>"; };
		92C770B3D84FFB4686113AC1 /* Pods_qwkipedia.framework */ = {isa = PBXFileReference; explicitFileType = wrapper.framework; includeInIndex = 0; path = Pods_qwkipedia.framework; sourceTree = BUILT_PRODUCTS_DIR; };
		B36EB940E52B48D0ED4067A7 /* Pods-qwkipedia.debug.xcconfig */ = {isa = PBXFileReference; includeInIndex = 1; lastKnownFileType = text.xcconfig; name = "Pods-qwkipedia.debug.xcconfig"; path = "Target Support Files/Pods-qwkipedia/Pods-qwkipedia.debug.xcconfig"; sourceTree = "<group>"; };
/* End PBXFileReference section */

/* Begin PBXFrameworksBuildPhase section */
		7C1C34B8261D913F00C9F893 /* Frameworks */ = {
			isa = PBXFrameworksBuildPhase;
			buildActionMask = 2147483647;
			files = (
				9976943381AF366305B6FD7E /* Pods_qwkipedia.framework in Frameworks */,
			);
			runOnlyForDeploymentPostprocessing = 0;
		};
/* End PBXFrameworksBuildPhase section */

/* Begin PBXGroup section */
		1C6C4E85262CCCA00067B444 /* ViewControllers */ = {
			isa = PBXGroup;
			children = (
				7C653977262E14CB00014A51 /* HomePageCollectionViewController.swift */,
				7C653972262D5B7300014A51 /* SearchCollectionViewController.swift */,
				7C65396F262D5A0E00014A51 /* FavoritesCollectionViewController.swift */,
				7C1C34C2261D913F00C9F893 /* RegisterViewController.swift */,
				1C6C4EA0262CD2D60067B444 /* LoginViewController.swift */,
				1C6C4EBB262CD7D50067B444 /* SetInterestsViewController.swift */,
				1C69035E262DE70500BB4DED /* HomePageViewController.swift */,
			);
			path = ViewControllers;
			sourceTree = "<group>";
		};
		1C6EE590262E7FB60067F869 /* GlobalModels */ = {
			isa = PBXGroup;
			children = (
				7C65398A262E63B000014A51 /* UIImageExtensions.swift */,
				7C653982262E41B800014A51 /* QwkColors.swift */,
				1C6C4EA3262CD5170067B444 /* Constants.swift */,
				1C6EE591262E7FE20067F869 /* Utilities.swift */,
			);
			path = GlobalModels;
			sourceTree = "<group>";
		};
		48243A56626DBE4CC21AB469 /* Frameworks */ = {
			isa = PBXGroup;
			children = (
				92C770B3D84FFB4686113AC1 /* Pods_qwkipedia.framework */,
			);
			name = Frameworks;
			sourceTree = "<group>";
		};
		6B49817A744B645A23D8B78E /* Pods */ = {
			isa = PBXGroup;
			children = (
				B36EB940E52B48D0ED4067A7 /* Pods-qwkipedia.debug.xcconfig */,
				8979D1FF1C3EB49BB786CD81 /* Pods-qwkipedia.release.xcconfig */,
			);
			path = Pods;
			sourceTree = "<group>";
		};
		7C1C34B2261D913F00C9F893 = {
			isa = PBXGroup;
			children = (
				7C1C34BD261D913F00C9F893 /* qwkipedia */,
				7C1C34BC261D913F00C9F893 /* Products */,
				6B49817A744B645A23D8B78E /* Pods */,
				48243A56626DBE4CC21AB469 /* Frameworks */,
			);
			sourceTree = "<group>";
		};
		7C1C34BC261D913F00C9F893 /* Products */ = {
			isa = PBXGroup;
			children = (
				7C1C34BB261D913F00C9F893 /* qwkipedia.app */,
			);
			name = Products;
			sourceTree = "<group>";
		};
		7C1C34BD261D913F00C9F893 /* qwkipedia */ = {
			isa = PBXGroup;
			children = (
				7C1C34BE261D913F00C9F893 /* AppDelegate.swift */,
				7C1C34C0261D913F00C9F893 /* SceneDelegate.swift */,
				7C1C34C4261D913F00C9F893 /* Main.storyboard */,
				1C6EE590262E7FB60067F869 /* GlobalModels */,
				1C6C4E85262CCCA00067B444 /* ViewControllers */,
				7CAE80CF262FEE4700CB1979 /* CollectionViewCells */,
				1C6C4E81262CB4680067B444 /* Assets.xcassets */,
				7C1C34C9261D914100C9F893 /* LaunchScreen.storyboard */,
				7C2D5C8C2630E01D00342658 /* GoogleService-Info.plist */,
				7C1C34CC261D914100C9F893 /* Info.plist */,
			);
			path = qwkipedia;
			sourceTree = "<group>";
		};
		7CAE80CF262FEE4700CB1979 /* CollectionViewCells */ = {
			isa = PBXGroup;
			children = (
				7C68940F262EAA790024DA06 /* FavoritesItemCollectionViewCell.swift */,
				7C65397B262E181800014A51 /* TopicPreviewCollectionViewCell.swift */,
			);
			path = CollectionViewCells;
			sourceTree = "<group>";
		};
/* End PBXGroup section */

/* Begin PBXNativeTarget section */
		7C1C34BA261D913F00C9F893 /* qwkipedia */ = {
			isa = PBXNativeTarget;
			buildConfigurationList = 7C1C34CF261D914100C9F893 /* Build configuration list for PBXNativeTarget "qwkipedia" */;
			buildPhases = (
				392D4B05BFFA63450DB8EA97 /* [CP] Check Pods Manifest.lock */,
				7C1C34B7261D913F00C9F893 /* Sources */,
				7C1C34B8261D913F00C9F893 /* Frameworks */,
				7C1C34B9261D913F00C9F893 /* Resources */,
				3245C159A1A00AB7BE9C088F /* [CP] Embed Pods Frameworks */,
			);
			buildRules = (
			);
			dependencies = (
			);
			name = qwkipedia;
			productName = qwkipedia;
			productReference = 7C1C34BB261D913F00C9F893 /* qwkipedia.app */;
			productType = "com.apple.product-type.application";
		};
/* End PBXNativeTarget section */

/* Begin PBXProject section */
		7C1C34B3261D913F00C9F893 /* Project object */ = {
			isa = PBXProject;
			attributes = {
				LastSwiftUpdateCheck = 1240;
				LastUpgradeCheck = 1240;
				TargetAttributes = {
					7C1C34BA261D913F00C9F893 = {
						CreatedOnToolsVersion = 12.4;
					};
				};
			};
			buildConfigurationList = 7C1C34B6261D913F00C9F893 /* Build configuration list for PBXProject "qwkipedia" */;
			compatibilityVersion = "Xcode 9.3";
			developmentRegion = en;
			hasScannedForEncodings = 0;
			knownRegions = (
				en,
				Base,
			);
			mainGroup = 7C1C34B2261D913F00C9F893;
			productRefGroup = 7C1C34BC261D913F00C9F893 /* Products */;
			projectDirPath = "";
			projectRoot = "";
			targets = (
				7C1C34BA261D913F00C9F893 /* qwkipedia */,
			);
		};
/* End PBXProject section */

/* Begin PBXResourcesBuildPhase section */
		7C1C34B9261D913F00C9F893 /* Resources */ = {
			isa = PBXResourcesBuildPhase;
			buildActionMask = 2147483647;
			files = (
				7C1C34CB261D914100C9F893 /* LaunchScreen.storyboard in Resources */,
				7C2D5C8D2630E01D00342658 /* GoogleService-Info.plist in Resources */,
				7C1C34C6261D913F00C9F893 /* Main.storyboard in Resources */,
				1C6C4E82262CB4680067B444 /* Assets.xcassets in Resources */,
			);
			runOnlyForDeploymentPostprocessing = 0;
		};
/* End PBXResourcesBuildPhase section */

/* Begin PBXShellScriptBuildPhase section */
		3245C159A1A00AB7BE9C088F /* [CP] Embed Pods Frameworks */ = {
			isa = PBXShellScriptBuildPhase;
			buildActionMask = 2147483647;
			files = (
			);
			inputFileListPaths = (
				"${PODS_ROOT}/Target Support Files/Pods-qwkipedia/Pods-qwkipedia-frameworks-${CONFIGURATION}-input-files.xcfilelist",
			);
			name = "[CP] Embed Pods Frameworks";
			outputFileListPaths = (
				"${PODS_ROOT}/Target Support Files/Pods-qwkipedia/Pods-qwkipedia-frameworks-${CONFIGURATION}-output-files.xcfilelist",
			);
			runOnlyForDeploymentPostprocessing = 0;
			shellPath = /bin/sh;
			shellScript = "\"${PODS_ROOT}/Target Support Files/Pods-qwkipedia/Pods-qwkipedia-frameworks.sh\"\n";
			showEnvVarsInLog = 0;
		};
		392D4B05BFFA63450DB8EA97 /* [CP] Check Pods Manifest.lock */ = {
			isa = PBXShellScriptBuildPhase;
			buildActionMask = 2147483647;
			files = (
			);
			inputFileListPaths = (
			);
			inputPaths = (
				"${PODS_PODFILE_DIR_PATH}/Podfile.lock",
				"${PODS_ROOT}/Manifest.lock",
			);
			name = "[CP] Check Pods Manifest.lock";
			outputFileListPaths = (
			);
			outputPaths = (
				"$(DERIVED_FILE_DIR)/Pods-qwkipedia-checkManifestLockResult.txt",
			);
			runOnlyForDeploymentPostprocessing = 0;
			shellPath = /bin/sh;
			shellScript = "diff \"${PODS_PODFILE_DIR_PATH}/Podfile.lock\" \"${PODS_ROOT}/Manifest.lock\" > /dev/null\nif [ $? != 0 ] ; then\n    # print error to STDERR\n    echo \"error: The sandbox is not in sync with the Podfile.lock. Run 'pod install' or update your CocoaPods installation.\" >&2\n    exit 1\nfi\n# This output is used by Xcode 'outputs' to avoid re-running this script phase.\necho \"SUCCESS\" > \"${SCRIPT_OUTPUT_FILE_0}\"\n";
			showEnvVarsInLog = 0;
		};
/* End PBXShellScriptBuildPhase section */

/* Begin PBXSourcesBuildPhase section */
		7C1C34B7261D913F00C9F893 /* Sources */ = {
			isa = PBXSourcesBuildPhase;
			buildActionMask = 2147483647;
			files = (
				7C65398B262E63B000014A51 /* UIImageExtensions.swift in Sources */,
				7C689410262EAA790024DA06 /* FavoritesItemCollectionViewCell.swift in Sources */,
				7C1C34BF261D913F00C9F893 /* AppDelegate.swift in Sources */,
				7C653970262D5A0E00014A51 /* FavoritesCollectionViewController.swift in Sources */,
				7C653973262D5B7300014A51 /* SearchCollectionViewController.swift in Sources */,
				7C653978262E14CB00014A51 /* HomePageCollectionViewController.swift in Sources */,
				1C6C4EBC262CD7D50067B444 /* SetInterestsViewController.swift in Sources */,
				1C69035F262DE70500BB4DED /* HomePageViewController.swift in Sources */,
				1C6C4EA4262CD5170067B444 /* Constants.swift in Sources */,
				1C6C4EA1262CD2D60067B444 /* LoginViewController.swift in Sources */,
				7C1C34C3261D913F00C9F893 /* RegisterViewController.swift in Sources */,
				1C6EE592262E7FE20067F869 /* Utilities.swift in Sources */,
				7C1C34C1261D913F00C9F893 /* SceneDelegate.swift in Sources */,
				7C65397C262E181800014A51 /* TopicPreviewCollectionViewCell.swift in Sources */,
				7C653983262E41B800014A51 /* QwkColors.swift in Sources */,
			);
			runOnlyForDeploymentPostprocessing = 0;
		};
/* End PBXSourcesBuildPhase section */

/* Begin PBXVariantGroup section */
		7C1C34C4261D913F00C9F893 /* Main.storyboard */ = {
			isa = PBXVariantGroup;
			children = (
				7C1C34C5261D913F00C9F893 /* Base */,
			);
			name = Main.storyboard;
			sourceTree = "<group>";
		};
		7C1C34C9261D914100C9F893 /* LaunchScreen.storyboard */ = {
			isa = PBXVariantGroup;
			children = (
				7C1C34CA261D914100C9F893 /* Base */,
			);
			name = LaunchScreen.storyboard;
			sourceTree = "<group>";
		};
/* End PBXVariantGroup section */

/* Begin XCBuildConfiguration section */
		7C1C34CD261D914100C9F893 /* Debug */ = {
			isa = XCBuildConfiguration;
			buildSettings = {
				ALWAYS_SEARCH_USER_PATHS = NO;
				CLANG_ANALYZER_NONNULL = YES;
				CLANG_ANALYZER_NUMBER_OBJECT_CONVERSION = YES_AGGRESSIVE;
				CLANG_CXX_LANGUAGE_STANDARD = "gnu++14";
				CLANG_CXX_LIBRARY = "libc++";
				CLANG_ENABLE_MODULES = YES;
				CLANG_ENABLE_OBJC_ARC = YES;
				CLANG_ENABLE_OBJC_WEAK = YES;
				CLANG_WARN_BLOCK_CAPTURE_AUTORELEASING = YES;
				CLANG_WARN_BOOL_CONVERSION = YES;
				CLANG_WARN_COMMA = YES;
				CLANG_WARN_CONSTANT_CONVERSION = YES;
				CLANG_WARN_DEPRECATED_OBJC_IMPLEMENTATIONS = YES;
				CLANG_WARN_DIRECT_OBJC_ISA_USAGE = YES_ERROR;
				CLANG_WARN_DOCUMENTATION_COMMENTS = YES;
				CLANG_WARN_EMPTY_BODY = YES;
				CLANG_WARN_ENUM_CONVERSION = YES;
				CLANG_WARN_INFINITE_RECURSION = YES;
				CLANG_WARN_INT_CONVERSION = YES;
				CLANG_WARN_NON_LITERAL_NULL_CONVERSION = YES;
				CLANG_WARN_OBJC_IMPLICIT_RETAIN_SELF = YES;
				CLANG_WARN_OBJC_LITERAL_CONVERSION = YES;
				CLANG_WARN_OBJC_ROOT_CLASS = YES_ERROR;
				CLANG_WARN_QUOTED_INCLUDE_IN_FRAMEWORK_HEADER = YES;
				CLANG_WARN_RANGE_LOOP_ANALYSIS = YES;
				CLANG_WARN_STRICT_PROTOTYPES = YES;
				CLANG_WARN_SUSPICIOUS_MOVE = YES;
				CLANG_WARN_UNGUARDED_AVAILABILITY = YES_AGGRESSIVE;
				CLANG_WARN_UNREACHABLE_CODE = YES;
				CLANG_WARN__DUPLICATE_METHOD_MATCH = YES;
				COPY_PHASE_STRIP = NO;
				DEBUG_INFORMATION_FORMAT = dwarf;
				ENABLE_STRICT_OBJC_MSGSEND = YES;
				ENABLE_TESTABILITY = YES;
				GCC_C_LANGUAGE_STANDARD = gnu11;
				GCC_DYNAMIC_NO_PIC = NO;
				GCC_NO_COMMON_BLOCKS = YES;
				GCC_OPTIMIZATION_LEVEL = 0;
				GCC_PREPROCESSOR_DEFINITIONS = (
					"DEBUG=1",
					"$(inherited)",
				);
				GCC_WARN_64_TO_32_BIT_CONVERSION = YES;
				GCC_WARN_ABOUT_RETURN_TYPE = YES_ERROR;
				GCC_WARN_UNDECLARED_SELECTOR = YES;
				GCC_WARN_UNINITIALIZED_AUTOS = YES_AGGRESSIVE;
				GCC_WARN_UNUSED_FUNCTION = YES;
				GCC_WARN_UNUSED_VARIABLE = YES;
				IPHONEOS_DEPLOYMENT_TARGET = 13.6;
				MTL_ENABLE_DEBUG_INFO = INCLUDE_SOURCE;
				MTL_FAST_MATH = YES;
				ONLY_ACTIVE_ARCH = YES;
				SDKROOT = iphoneos;
				SWIFT_ACTIVE_COMPILATION_CONDITIONS = DEBUG;
				SWIFT_OPTIMIZATION_LEVEL = "-Onone";
			};
			name = Debug;
		};
		7C1C34CE261D914100C9F893 /* Release */ = {
			isa = XCBuildConfiguration;
			buildSettings = {
				ALWAYS_SEARCH_USER_PATHS = NO;
				CLANG_ANALYZER_NONNULL = YES;
				CLANG_ANALYZER_NUMBER_OBJECT_CONVERSION = YES_AGGRESSIVE;
				CLANG_CXX_LANGUAGE_STANDARD = "gnu++14";
				CLANG_CXX_LIBRARY = "libc++";
				CLANG_ENABLE_MODULES = YES;
				CLANG_ENABLE_OBJC_ARC = YES;
				CLANG_ENABLE_OBJC_WEAK = YES;
				CLANG_WARN_BLOCK_CAPTURE_AUTORELEASING = YES;
				CLANG_WARN_BOOL_CONVERSION = YES;
				CLANG_WARN_COMMA = YES;
				CLANG_WARN_CONSTANT_CONVERSION = YES;
				CLANG_WARN_DEPRECATED_OBJC_IMPLEMENTATIONS = YES;
				CLANG_WARN_DIRECT_OBJC_ISA_USAGE = YES_ERROR;
				CLANG_WARN_DOCUMENTATION_COMMENTS = YES;
				CLANG_WARN_EMPTY_BODY = YES;
				CLANG_WARN_ENUM_CONVERSION = YES;
				CLANG_WARN_INFINITE_RECURSION = YES;
				CLANG_WARN_INT_CONVERSION = YES;
				CLANG_WARN_NON_LITERAL_NULL_CONVERSION = YES;
				CLANG_WARN_OBJC_IMPLICIT_RETAIN_SELF = YES;
				CLANG_WARN_OBJC_LITERAL_CONVERSION = YES;
				CLANG_WARN_OBJC_ROOT_CLASS = YES_ERROR;
				CLANG_WARN_QUOTED_INCLUDE_IN_FRAMEWORK_HEADER = YES;
				CLANG_WARN_RANGE_LOOP_ANALYSIS = YES;
				CLANG_WARN_STRICT_PROTOTYPES = YES;
				CLANG_WARN_SUSPICIOUS_MOVE = YES;
				CLANG_WARN_UNGUARDED_AVAILABILITY = YES_AGGRESSIVE;
				CLANG_WARN_UNREACHABLE_CODE = YES;
				CLANG_WARN__DUPLICATE_METHOD_MATCH = YES;
				COPY_PHASE_STRIP = NO;
				DEBUG_INFORMATION_FORMAT = "dwarf-with-dsym";
				ENABLE_NS_ASSERTIONS = NO;
				ENABLE_STRICT_OBJC_MSGSEND = YES;
				GCC_C_LANGUAGE_STANDARD = gnu11;
				GCC_NO_COMMON_BLOCKS = YES;
				GCC_WARN_64_TO_32_BIT_CONVERSION = YES;
				GCC_WARN_ABOUT_RETURN_TYPE = YES_ERROR;
				GCC_WARN_UNDECLARED_SELECTOR = YES;
				GCC_WARN_UNINITIALIZED_AUTOS = YES_AGGRESSIVE;
				GCC_WARN_UNUSED_FUNCTION = YES;
				GCC_WARN_UNUSED_VARIABLE = YES;
				IPHONEOS_DEPLOYMENT_TARGET = 13.6;
				MTL_ENABLE_DEBUG_INFO = NO;
				MTL_FAST_MATH = YES;
				SDKROOT = iphoneos;
				SWIFT_COMPILATION_MODE = wholemodule;
				SWIFT_OPTIMIZATION_LEVEL = "-O";
				VALIDATE_PRODUCT = YES;
			};
			name = Release;
		};
		7C1C34D0261D914100C9F893 /* Debug */ = {
			isa = XCBuildConfiguration;
			baseConfigurationReference = B36EB940E52B48D0ED4067A7 /* Pods-qwkipedia.debug.xcconfig */;
			buildSettings = {
				CODE_SIGN_STYLE = Automatic;
				DEVELOPMENT_TEAM = 8PTR25572E;
				INFOPLIST_FILE = qwkipedia/Info.plist;
				IPHONEOS_DEPLOYMENT_TARGET = 13.6;
				LD_RUNPATH_SEARCH_PATHS = (
					"$(inherited)",
					"@executable_path/Frameworks",
				);
				PRODUCT_BUNDLE_IDENTIFIER = jomidProductions.qwkipedia;
				PRODUCT_NAME = "$(TARGET_NAME)";
				SWIFT_VERSION = 5.0;
				TARGETED_DEVICE_FAMILY = "1,2";
			};
			name = Debug;
		};
		7C1C34D1261D914100C9F893 /* Release */ = {
			isa = XCBuildConfiguration;
			baseConfigurationReference = 8979D1FF1C3EB49BB786CD81 /* Pods-qwkipedia.release.xcconfig */;
			buildSettings = {
				CODE_SIGN_STYLE = Automatic;
				DEVELOPMENT_TEAM = 8PTR25572E;
				INFOPLIST_FILE = qwkipedia/Info.plist;
				IPHONEOS_DEPLOYMENT_TARGET = 13.6;
				LD_RUNPATH_SEARCH_PATHS = (
					"$(inherited)",
					"@executable_path/Frameworks",
				);
				PRODUCT_BUNDLE_IDENTIFIER = jomidProductions.qwkipedia;
				PRODUCT_NAME = "$(TARGET_NAME)";
				SWIFT_VERSION = 5.0;
				TARGETED_DEVICE_FAMILY = "1,2";
			};
			name = Release;
		};
/* End XCBuildConfiguration section */

/* Begin XCConfigurationList section */
		7C1C34B6261D913F00C9F893 /* Build configuration list for PBXProject "qwkipedia" */ = {
			isa = XCConfigurationList;
			buildConfigurations = (
				7C1C34CD261D914100C9F893 /* Debug */,
				7C1C34CE261D914100C9F893 /* Release */,
			);
			defaultConfigurationIsVisible = 0;
			defaultConfigurationName = Release;
		};
		7C1C34CF261D914100C9F893 /* Build configuration list for PBXNativeTarget "qwkipedia" */ = {
			isa = XCConfigurationList;
			buildConfigurations = (
				7C1C34D0261D914100C9F893 /* Debug */,
				7C1C34D1261D914100C9F893 /* Release */,
			);
			defaultConfigurationIsVisible = 0;
			defaultConfigurationName = Release;
		};
/* End XCConfigurationList section */
	};
	rootObject = 7C1C34B3261D913F00C9F893 /* Project object */;
}
