// !$*UTF8*$!
{
	archiveVersion = 1;
	classes = {
	};
	objectVersion = 51;
	objects = {

/* Begin PBXBuildFile section */
		1C51821A26364AA900137C0B /* UIViewExtensions.swift in Sources */ = {isa = PBXBuildFile; fileRef = 1C51821926364AA900137C0B /* UIViewExtensions.swift */; };
		1C51821D2636662F00137C0B /* ForgotPasswordViewController.swift in Sources */ = {isa = PBXBuildFile; fileRef = 1C51821C2636662F00137C0B /* ForgotPasswordViewController.swift */; };
		1C6C4EA1262CD2D60067B444 /* LoginViewController.swift in Sources */ = {isa = PBXBuildFile; fileRef = 1C6C4EA0262CD2D60067B444 /* LoginViewController.swift */; };
		1C6C4EA4262CD5170067B444 /* Constants.swift in Sources */ = {isa = PBXBuildFile; fileRef = 1C6C4EA3262CD5170067B444 /* Constants.swift */; };
		1C6C4EBC262CD7D50067B444 /* SetProfileViewController.swift in Sources */ = {isa = PBXBuildFile; fileRef = 1C6C4EBB262CD7D50067B444 /* SetProfileViewController.swift */; };
		1C6EE592262E7FE20067F869 /* Utilities.swift in Sources */ = {isa = PBXBuildFile; fileRef = 1C6EE591262E7FE20067F869 /* Utilities.swift */; };
		1C7D74A2264B6FD600E16168 /* MessageCell.xib in Resources */ = {isa = PBXBuildFile; fileRef = 1C7D74A1264B6FD600E16168 /* MessageCell.xib */; };
		1C7D74A4264B6FE100E16168 /* MessageCell.swift in Sources */ = {isa = PBXBuildFile; fileRef = 1C7D74A3264B6FE100E16168 /* MessageCell.swift */; };
		1C7D74A6264B705700E16168 /* Message.swift in Sources */ = {isa = PBXBuildFile; fileRef = 1C7D74A5264B705700E16168 /* Message.swift */; };
		1C7D74A8264B794A00E16168 /* GoogleService-Info.plist in Resources */ = {isa = PBXBuildFile; fileRef = 1C7D74A7264B794A00E16168 /* GoogleService-Info.plist */; };
		1C8FA067263FAF4700259484 /* PublicProfileViewController.swift in Sources */ = {isa = PBXBuildFile; fileRef = 1C8FA066263FAF4700259484 /* PublicProfileViewController.swift */; };
		1C97B7C5265491CB008D91AC /* Interests.swift in Sources */ = {isa = PBXBuildFile; fileRef = 1C97B7C4265491CB008D91AC /* Interests.swift */; };
		1C97B7C8265492D4008D91AC /* SelectInterestsCollectionViewCell.xib in Resources */ = {isa = PBXBuildFile; fileRef = 1C97B7C6265492D4008D91AC /* SelectInterestsCollectionViewCell.xib */; };
		1C97B7C9265492D4008D91AC /* SelectInterestsCollectionViewCell.swift in Sources */ = {isa = PBXBuildFile; fileRef = 1C97B7C7265492D4008D91AC /* SelectInterestsCollectionViewCell.swift */; };
		7C1C34BF261D913F00C9F893 /* AppDelegate.swift in Sources */ = {isa = PBXBuildFile; fileRef = 7C1C34BE261D913F00C9F893 /* AppDelegate.swift */; };
		7C1C34C1261D913F00C9F893 /* SceneDelegate.swift in Sources */ = {isa = PBXBuildFile; fileRef = 7C1C34C0261D913F00C9F893 /* SceneDelegate.swift */; };
		7C1C34C3261D913F00C9F893 /* RegisterViewController.swift in Sources */ = {isa = PBXBuildFile; fileRef = 7C1C34C2261D913F00C9F893 /* RegisterViewController.swift */; };
		7C1C34C6261D913F00C9F893 /* Main.storyboard in Resources */ = {isa = PBXBuildFile; fileRef = 7C1C34C4261D913F00C9F893 /* Main.storyboard */; };
		7C1C34CB261D914100C9F893 /* LaunchScreen.storyboard in Resources */ = {isa = PBXBuildFile; fileRef = 7C1C34C9261D914100C9F893 /* LaunchScreen.storyboard */; };
		7C23813E26525C7F0073ED55 /* MainTabBarViewController.swift in Sources */ = {isa = PBXBuildFile; fileRef = 7C23813D26525C7F0073ED55 /* MainTabBarViewController.swift */; };
		7C36B1222654505800694E17 /* EditQwkDescriptionViewController.swift in Sources */ = {isa = PBXBuildFile; fileRef = 7C36B1212654505800694E17 /* EditQwkDescriptionViewController.swift */; };
		7C36B1252654506300694E17 /* EditVideoViewController.swift in Sources */ = {isa = PBXBuildFile; fileRef = 7C36B1242654506300694E17 /* EditVideoViewController.swift */; };
		7C36B1282654507000694E17 /* EditImageViewController.swift in Sources */ = {isa = PBXBuildFile; fileRef = 7C36B1272654507000694E17 /* EditImageViewController.swift */; };
		7C36B12B2654507E00694E17 /* EditExternalLinkViewController.swift in Sources */ = {isa = PBXBuildFile; fileRef = 7C36B12A2654507E00694E17 /* EditExternalLinkViewController.swift */; };
		7C48663B263149B200DC9AC4 /* SearchResultsTableViewCell.swift in Sources */ = {isa = PBXBuildFile; fileRef = 7C48663A263149B200DC9AC4 /* SearchResultsTableViewCell.swift */; };
		7C48663E2631548D00DC9AC4 /* TopicPageViewController.swift in Sources */ = {isa = PBXBuildFile; fileRef = 7C48663D2631548D00DC9AC4 /* TopicPageViewController.swift */; };
		7C4C183B26531A2A0019BBB7 /* FavoritesPageNavigationController.swift in Sources */ = {isa = PBXBuildFile; fileRef = 7C4C183A26531A2A0019BBB7 /* FavoritesPageNavigationController.swift */; };
		7C4C183E26531AAD0019BBB7 /* SearchPageNavigationController.swift in Sources */ = {isa = PBXBuildFile; fileRef = 7C4C183D26531AAD0019BBB7 /* SearchPageNavigationController.swift */; };
		7C4E4622263F23C000DA51E4 /* MorePageViewController.swift in Sources */ = {isa = PBXBuildFile; fileRef = 7C4E4621263F23C000DA51E4 /* MorePageViewController.swift */; };
		7C4E4625263F2FE400DA51E4 /* DiscussionViewController.swift in Sources */ = {isa = PBXBuildFile; fileRef = 7C4E4624263F2FE400DA51E4 /* DiscussionViewController.swift */; };
		7C4E4628263F35C900DA51E4 /* ChooserEnums.swift in Sources */ = {isa = PBXBuildFile; fileRef = 7C4E4627263F35C900DA51E4 /* ChooserEnums.swift */; };
		7C4E462C263F53A000DA51E4 /* MoreMediaCollectionViewCell.swift in Sources */ = {isa = PBXBuildFile; fileRef = 7C4E462B263F53A000DA51E4 /* MoreMediaCollectionViewCell.swift */; };
		7C4E4668263FBD8E00DA51E4 /* VoterView.swift in Sources */ = {isa = PBXBuildFile; fileRef = 7C4E4667263FBD8E00DA51E4 /* VoterView.swift */; };
		7C54489C2647B4DA00F069CE /* Assets.xcassets in Resources */ = {isa = PBXBuildFile; fileRef = 7C54489B2647B4DA00F069CE /* Assets.xcassets */; };
		7C5C885A2664C871006BE7ED /* CreateNewPageTableViewCell.swift in Sources */ = {isa = PBXBuildFile; fileRef = 7C5C88592664C871006BE7ED /* CreateNewPageTableViewCell.swift */; };
		7C5C885D2664CB29006BE7ED /* AddNewTopicViewController.swift in Sources */ = {isa = PBXBuildFile; fileRef = 7C5C885C2664CB29006BE7ED /* AddNewTopicViewController.swift */; };
		7C653970262D5A0E00014A51 /* FavoritesCollectionViewController.swift in Sources */ = {isa = PBXBuildFile; fileRef = 7C65396F262D5A0E00014A51 /* FavoritesCollectionViewController.swift */; };
		7C653973262D5B7300014A51 /* SearchCollectionViewController.swift in Sources */ = {isa = PBXBuildFile; fileRef = 7C653972262D5B7300014A51 /* SearchCollectionViewController.swift */; };
		7C653978262E14CB00014A51 /* HomePageCollectionViewController.swift in Sources */ = {isa = PBXBuildFile; fileRef = 7C653977262E14CB00014A51 /* HomePageCollectionViewController.swift */; };
		7C653983262E41B800014A51 /* QwkColors.swift in Sources */ = {isa = PBXBuildFile; fileRef = 7C653982262E41B800014A51 /* QwkColors.swift */; };
		7C65398B262E63B000014A51 /* UIImageExtensions.swift in Sources */ = {isa = PBXBuildFile; fileRef = 7C65398A262E63B000014A51 /* UIImageExtensions.swift */; };
		7C689410262EAA790024DA06 /* FavoritesItemCollectionViewCell.swift in Sources */ = {isa = PBXBuildFile; fileRef = 7C68940F262EAA790024DA06 /* FavoritesItemCollectionViewCell.swift */; };
		7C71C93E2652FA70007B91EA /* Galada-Regular.ttf in Resources */ = {isa = PBXBuildFile; fileRef = 7C71C93D2652FA70007B91EA /* Galada-Regular.ttf */; };
		7C71C9412652FA81007B91EA /* Megrim-Regular.ttf in Resources */ = {isa = PBXBuildFile; fileRef = 7C71C9402652FA80007B91EA /* Megrim-Regular.ttf */; };
		7C71C9442652FA9B007B91EA /* Shrikhand-Regular.ttf in Resources */ = {isa = PBXBuildFile; fileRef = 7C71C9432652FA9B007B91EA /* Shrikhand-Regular.ttf */; };
		7C71C9472652FAA4007B91EA /* Timmana-Regular.ttf in Resources */ = {isa = PBXBuildFile; fileRef = 7C71C9462652FAA4007B91EA /* Timmana-Regular.ttf */; };
		7C7BF00B2652F14700285A5F /* HomePageNavigationController.swift in Sources */ = {isa = PBXBuildFile; fileRef = 7C7BF00A2652F14600285A5F /* HomePageNavigationController.swift */; };
		7C8A676E264F24E700C6F681 /* UrlStackViewCell.swift in Sources */ = {isa = PBXBuildFile; fileRef = 7C8A676D264F24E700C6F681 /* UrlStackViewCell.swift */; };
		7CAD57A92638C62E00427ED0 /* UITextViewExtensions.swift in Sources */ = {isa = PBXBuildFile; fileRef = 7CAD57A82638C62E00427ED0 /* UITextViewExtensions.swift */; };
		7CAEF1B62648658800FFD2FC /* GradientBackgroundUIView.swift in Sources */ = {isa = PBXBuildFile; fileRef = 7CAEF1B52648658800FFD2FC /* GradientBackgroundUIView.swift */; };
		7CB2C5402633757A003A2F24 /* DummyData.swift in Sources */ = {isa = PBXBuildFile; fileRef = 7CB2C53F2633757A003A2F24 /* DummyData.swift */; };
		7CB2C54326338F12003A2F24 /* puppySound.wav in Resources */ = {isa = PBXBuildFile; fileRef = 7CB2C54226338F12003A2F24 /* puppySound.wav */; };
		7CB4037A264E1760004655E0 /* TopicExternalLinkTableViewCell.swift in Sources */ = {isa = PBXBuildFile; fileRef = 7CB40379264E1760004655E0 /* TopicExternalLinkTableViewCell.swift */; };
		7CB4037E264F0FB6004655E0 /* ExternalLinkWebViewController.swift in Sources */ = {isa = PBXBuildFile; fileRef = 7CB4037D264F0FB6004655E0 /* ExternalLinkWebViewController.swift */; };
		7CB40CEE2655C4D00091A36E /* DataStructForRetrievingDataFromServer.swift in Sources */ = {isa = PBXBuildFile; fileRef = 7CB40CED2655C4D00091A36E /* DataStructForRetrievingDataFromServer.swift */; };
		7CC78E9E2647AF9100ECD48B /* TopicPreviewCollectionViewCell.swift in Sources */ = {isa = PBXBuildFile; fileRef = 7CC78E9D2647AF9100ECD48B /* TopicPreviewCollectionViewCell.swift */; };
		7CE25B59263244D900ADFEDD /* TopicHeaderCollectionViewCell.swift in Sources */ = {isa = PBXBuildFile; fileRef = 7CE25B58263244D900ADFEDD /* TopicHeaderCollectionViewCell.swift */; };
		7CE25B5C263244EF00ADFEDD /* TopicQwkDescriptionCollectionViewCell.swift in Sources */ = {isa = PBXBuildFile; fileRef = 7CE25B5B263244EF00ADFEDD /* TopicQwkDescriptionCollectionViewCell.swift */; };
		7CE25B5F2632450000ADFEDD /* TopicVideoCollectionViewCell.swift in Sources */ = {isa = PBXBuildFile; fileRef = 7CE25B5E2632450000ADFEDD /* TopicVideoCollectionViewCell.swift */; };
		7CE25B622632450C00ADFEDD /* TopicImageCollectionViewCell.swift in Sources */ = {isa = PBXBuildFile; fileRef = 7CE25B612632450C00ADFEDD /* TopicImageCollectionViewCell.swift */; };
		7CE25B652632451C00ADFEDD /* TopicAudioCollectionViewCell.swift in Sources */ = {isa = PBXBuildFile; fileRef = 7CE25B642632451C00ADFEDD /* TopicAudioCollectionViewCell.swift */; };
		7CE25B682632452700ADFEDD /* TopicDiscussionCollectionViewCell.swift in Sources */ = {isa = PBXBuildFile; fileRef = 7CE25B672632452700ADFEDD /* TopicDiscussionCollectionViewCell.swift */; };
		7CE25B6B2632453D00ADFEDD /* TopicExpertSummaryCollectionViewCell.swift in Sources */ = {isa = PBXBuildFile; fileRef = 7CE25B6A2632453D00ADFEDD /* TopicExpertSummaryCollectionViewCell.swift */; };
		7CE25B6E2632456500ADFEDD /* TopicExternalLinksCollectionViewCell.swift in Sources */ = {isa = PBXBuildFile; fileRef = 7CE25B6D2632456500ADFEDD /* TopicExternalLinksCollectionViewCell.swift */; };
		7CE25B712632458500ADFEDD /* TopicQwkRecomendtionsCollectionViewCell.swift in Sources */ = {isa = PBXBuildFile; fileRef = 7CE25B702632458500ADFEDD /* TopicQwkRecomendtionsCollectionViewCell.swift */; };
		7CE7D16A2658D8570020700A /* StringExtensions.swift in Sources */ = {isa = PBXBuildFile; fileRef = 7CE7D1692658D8570020700A /* StringExtensions.swift */; };
		7CEAEA8626374D7F0029138E /* RecomendationCollectionViewCell.swift in Sources */ = {isa = PBXBuildFile; fileRef = 7CEAEA8526374D7F0029138E /* RecomendationCollectionViewCell.swift */; };
		7CECD4E6264876B6007F767F /* EditDataViewController.swift in Sources */ = {isa = PBXBuildFile; fileRef = 7CECD4E5264876B6007F767F /* EditDataViewController.swift */; };
		7CECD4E92648C4B4007F767F /* SuggestionCellCollectionViewCell.swift in Sources */ = {isa = PBXBuildFile; fileRef = 7CECD4E82648C4B4007F767F /* SuggestionCellCollectionViewCell.swift */; };
		7CECD4EC2649C88D007F767F /* SettingsTableViewController.swift in Sources */ = {isa = PBXBuildFile; fileRef = 7CECD4EB2649C88D007F767F /* SettingsTableViewController.swift */; };
		9976943381AF366305B6FD7E /* Pods_qwkipedia.framework in Frameworks */ = {isa = PBXBuildFile; fileRef = 92C770B3D84FFB4686113AC1 /* Pods_qwkipedia.framework */; };
/* End PBXBuildFile section */

/* Begin PBXFileReference section */
		1C51821926364AA900137C0B /* UIViewExtensions.swift */ = {isa = PBXFileReference; lastKnownFileType = sourcecode.swift; path = UIViewExtensions.swift; sourceTree = "<group>"; };
		1C51821C2636662F00137C0B /* ForgotPasswordViewController.swift */ = {isa = PBXFileReference; lastKnownFileType = sourcecode.swift; path = ForgotPasswordViewController.swift; sourceTree = "<group>"; };
		1C6C4EA0262CD2D60067B444 /* LoginViewController.swift */ = {isa = PBXFileReference; lastKnownFileType = sourcecode.swift; path = LoginViewController.swift; sourceTree = "<group>"; };
		1C6C4EA3262CD5170067B444 /* Constants.swift */ = {isa = PBXFileReference; lastKnownFileType = sourcecode.swift; path = Constants.swift; sourceTree = "<group>"; };
		1C6C4EBB262CD7D50067B444 /* SetProfileViewController.swift */ = {isa = PBXFileReference; lastKnownFileType = sourcecode.swift; path = SetProfileViewController.swift; sourceTree = "<group>"; };
		1C6EE591262E7FE20067F869 /* Utilities.swift */ = {isa = PBXFileReference; lastKnownFileType = sourcecode.swift; path = Utilities.swift; sourceTree = "<group>"; };
		1C7D74A1264B6FD600E16168 /* MessageCell.xib */ = {isa = PBXFileReference; fileEncoding = 4; lastKnownFileType = file.xib; path = MessageCell.xib; sourceTree = "<group>"; };
		1C7D74A3264B6FE100E16168 /* MessageCell.swift */ = {isa = PBXFileReference; fileEncoding = 4; lastKnownFileType = sourcecode.swift; path = MessageCell.swift; sourceTree = "<group>"; };
		1C7D74A5264B705700E16168 /* Message.swift */ = {isa = PBXFileReference; fileEncoding = 4; lastKnownFileType = sourcecode.swift; path = Message.swift; sourceTree = "<group>"; };
		1C7D74A7264B794A00E16168 /* GoogleService-Info.plist */ = {isa = PBXFileReference; fileEncoding = 4; lastKnownFileType = text.plist.xml; path = "GoogleService-Info.plist"; sourceTree = "<group>"; };
		1C8FA066263FAF4700259484 /* PublicProfileViewController.swift */ = {isa = PBXFileReference; lastKnownFileType = sourcecode.swift; path = PublicProfileViewController.swift; sourceTree = "<group>"; };
		1C97B7C4265491CB008D91AC /* Interests.swift */ = {isa = PBXFileReference; lastKnownFileType = sourcecode.swift; path = Interests.swift; sourceTree = "<group>"; };
		1C97B7C6265492D4008D91AC /* SelectInterestsCollectionViewCell.xib */ = {isa = PBXFileReference; fileEncoding = 4; lastKnownFileType = file.xib; path = SelectInterestsCollectionViewCell.xib; sourceTree = "<group>"; };
		1C97B7C7265492D4008D91AC /* SelectInterestsCollectionViewCell.swift */ = {isa = PBXFileReference; fileEncoding = 4; lastKnownFileType = sourcecode.swift; path = SelectInterestsCollectionViewCell.swift; sourceTree = "<group>"; };
		7C1C34BB261D913F00C9F893 /* qwkipedia.app */ = {isa = PBXFileReference; explicitFileType = wrapper.application; includeInIndex = 0; path = qwkipedia.app; sourceTree = BUILT_PRODUCTS_DIR; };
		7C1C34BE261D913F00C9F893 /* AppDelegate.swift */ = {isa = PBXFileReference; lastKnownFileType = sourcecode.swift; path = AppDelegate.swift; sourceTree = "<group>"; };
		7C1C34C0261D913F00C9F893 /* SceneDelegate.swift */ = {isa = PBXFileReference; lastKnownFileType = sourcecode.swift; path = SceneDelegate.swift; sourceTree = "<group>"; };
		7C1C34C2261D913F00C9F893 /* RegisterViewController.swift */ = {isa = PBXFileReference; lastKnownFileType = sourcecode.swift; path = RegisterViewController.swift; sourceTree = "<group>"; };
		7C1C34C5261D913F00C9F893 /* Base */ = {isa = PBXFileReference; lastKnownFileType = file.storyboard; name = Base; path = Base.lproj/Main.storyboard; sourceTree = "<group>"; };
		7C1C34CA261D914100C9F893 /* Base */ = {isa = PBXFileReference; lastKnownFileType = file.storyboard; name = Base; path = Base.lproj/LaunchScreen.storyboard; sourceTree = "<group>"; };
		7C1C34CC261D914100C9F893 /* Info.plist */ = {isa = PBXFileReference; lastKnownFileType = text.plist.xml; path = Info.plist; sourceTree = "<group>"; };
		7C23813D26525C7F0073ED55 /* MainTabBarViewController.swift */ = {isa = PBXFileReference; lastKnownFileType = sourcecode.swift; path = MainTabBarViewController.swift; sourceTree = "<group>"; };
		7C36B1212654505800694E17 /* EditQwkDescriptionViewController.swift */ = {isa = PBXFileReference; lastKnownFileType = sourcecode.swift; path = EditQwkDescriptionViewController.swift; sourceTree = "<group>"; };
		7C36B1242654506300694E17 /* EditVideoViewController.swift */ = {isa = PBXFileReference; lastKnownFileType = sourcecode.swift; path = EditVideoViewController.swift; sourceTree = "<group>"; };
		7C36B1272654507000694E17 /* EditImageViewController.swift */ = {isa = PBXFileReference; lastKnownFileType = sourcecode.swift; path = EditImageViewController.swift; sourceTree = "<group>"; };
		7C36B12A2654507E00694E17 /* EditExternalLinkViewController.swift */ = {isa = PBXFileReference; lastKnownFileType = sourcecode.swift; path = EditExternalLinkViewController.swift; sourceTree = "<group>"; };
		7C48663A263149B200DC9AC4 /* SearchResultsTableViewCell.swift */ = {isa = PBXFileReference; lastKnownFileType = sourcecode.swift; path = SearchResultsTableViewCell.swift; sourceTree = "<group>"; };
		7C48663D2631548D00DC9AC4 /* TopicPageViewController.swift */ = {isa = PBXFileReference; lastKnownFileType = sourcecode.swift; path = TopicPageViewController.swift; sourceTree = "<group>"; };
		7C4C183A26531A2A0019BBB7 /* FavoritesPageNavigationController.swift */ = {isa = PBXFileReference; lastKnownFileType = sourcecode.swift; path = FavoritesPageNavigationController.swift; sourceTree = "<group>"; };
		7C4C183D26531AAD0019BBB7 /* SearchPageNavigationController.swift */ = {isa = PBXFileReference; lastKnownFileType = sourcecode.swift; path = SearchPageNavigationController.swift; sourceTree = "<group>"; };
		7C4E4621263F23C000DA51E4 /* MorePageViewController.swift */ = {isa = PBXFileReference; lastKnownFileType = sourcecode.swift; path = MorePageViewController.swift; sourceTree = "<group>"; };
		7C4E4624263F2FE400DA51E4 /* DiscussionViewController.swift */ = {isa = PBXFileReference; lastKnownFileType = sourcecode.swift; path = DiscussionViewController.swift; sourceTree = "<group>"; };
		7C4E4627263F35C900DA51E4 /* ChooserEnums.swift */ = {isa = PBXFileReference; lastKnownFileType = sourcecode.swift; path = ChooserEnums.swift; sourceTree = "<group>"; };
		7C4E462B263F53A000DA51E4 /* MoreMediaCollectionViewCell.swift */ = {isa = PBXFileReference; lastKnownFileType = sourcecode.swift; path = MoreMediaCollectionViewCell.swift; sourceTree = "<group>"; };
		7C4E4667263FBD8E00DA51E4 /* VoterView.swift */ = {isa = PBXFileReference; fileEncoding = 4; lastKnownFileType = sourcecode.swift; path = VoterView.swift; sourceTree = "<group>"; };
		7C54489B2647B4DA00F069CE /* Assets.xcassets */ = {isa = PBXFileReference; lastKnownFileType = folder.assetcatalog; path = Assets.xcassets; sourceTree = "<group>"; };
		7C5C88592664C871006BE7ED /* CreateNewPageTableViewCell.swift */ = {isa = PBXFileReference; lastKnownFileType = sourcecode.swift; path = CreateNewPageTableViewCell.swift; sourceTree = "<group>"; };
		7C5C885C2664CB29006BE7ED /* AddNewTopicViewController.swift */ = {isa = PBXFileReference; lastKnownFileType = sourcecode.swift; path = AddNewTopicViewController.swift; sourceTree = "<group>"; };
		7C65396F262D5A0E00014A51 /* FavoritesCollectionViewController.swift */ = {isa = PBXFileReference; lastKnownFileType = sourcecode.swift; path = FavoritesCollectionViewController.swift; sourceTree = "<group>"; };
		7C653972262D5B7300014A51 /* SearchCollectionViewController.swift */ = {isa = PBXFileReference; lastKnownFileType = sourcecode.swift; path = SearchCollectionViewController.swift; sourceTree = "<group>"; };
		7C653977262E14CB00014A51 /* HomePageCollectionViewController.swift */ = {isa = PBXFileReference; lastKnownFileType = sourcecode.swift; path = HomePageCollectionViewController.swift; sourceTree = "<group>"; };
		7C653982262E41B800014A51 /* QwkColors.swift */ = {isa = PBXFileReference; lastKnownFileType = sourcecode.swift; path = QwkColors.swift; sourceTree = "<group>"; };
		7C65398A262E63B000014A51 /* UIImageExtensions.swift */ = {isa = PBXFileReference; lastKnownFileType = sourcecode.swift; path = UIImageExtensions.swift; sourceTree = "<group>"; };
		7C68940F262EAA790024DA06 /* FavoritesItemCollectionViewCell.swift */ = {isa = PBXFileReference; lastKnownFileType = sourcecode.swift; path = FavoritesItemCollectionViewCell.swift; sourceTree = "<group>"; };
		7C71C93D2652FA70007B91EA /* Galada-Regular.ttf */ = {isa = PBXFileReference; lastKnownFileType = file; path = "Galada-Regular.ttf"; sourceTree = "<group>"; };
		7C71C9402652FA80007B91EA /* Megrim-Regular.ttf */ = {isa = PBXFileReference; lastKnownFileType = file; path = "Megrim-Regular.ttf"; sourceTree = "<group>"; };
		7C71C9432652FA9B007B91EA /* Shrikhand-Regular.ttf */ = {isa = PBXFileReference; lastKnownFileType = file; path = "Shrikhand-Regular.ttf"; sourceTree = "<group>"; };
		7C71C9462652FAA4007B91EA /* Timmana-Regular.ttf */ = {isa = PBXFileReference; lastKnownFileType = file; path = "Timmana-Regular.ttf"; sourceTree = "<group>"; };
		7C7BF00A2652F14600285A5F /* HomePageNavigationController.swift */ = {isa = PBXFileReference; fileEncoding = 4; lastKnownFileType = sourcecode.swift; path = HomePageNavigationController.swift; sourceTree = "<group>"; };
		7C8A676D264F24E700C6F681 /* UrlStackViewCell.swift */ = {isa = PBXFileReference; lastKnownFileType = sourcecode.swift; path = UrlStackViewCell.swift; sourceTree = "<group>"; };
		7CAD57A82638C62E00427ED0 /* UITextViewExtensions.swift */ = {isa = PBXFileReference; lastKnownFileType = sourcecode.swift; path = UITextViewExtensions.swift; sourceTree = "<group>"; };
		7CAEF1B52648658800FFD2FC /* GradientBackgroundUIView.swift */ = {isa = PBXFileReference; lastKnownFileType = sourcecode.swift; path = GradientBackgroundUIView.swift; sourceTree = "<group>"; };
		7CB2C53F2633757A003A2F24 /* DummyData.swift */ = {isa = PBXFileReference; lastKnownFileType = sourcecode.swift; path = DummyData.swift; sourceTree = "<group>"; };
		7CB2C54226338F12003A2F24 /* puppySound.wav */ = {isa = PBXFileReference; lastKnownFileType = audio.wav; path = puppySound.wav; sourceTree = "<group>"; };
		7CB40379264E1760004655E0 /* TopicExternalLinkTableViewCell.swift */ = {isa = PBXFileReference; lastKnownFileType = sourcecode.swift; path = TopicExternalLinkTableViewCell.swift; sourceTree = "<group>"; };
		7CB4037D264F0FB6004655E0 /* ExternalLinkWebViewController.swift */ = {isa = PBXFileReference; lastKnownFileType = sourcecode.swift; path = ExternalLinkWebViewController.swift; sourceTree = "<group>"; };
		7CB40CED2655C4D00091A36E /* DataStructForRetrievingDataFromServer.swift */ = {isa = PBXFileReference; lastKnownFileType = sourcecode.swift; path = DataStructForRetrievingDataFromServer.swift; sourceTree = "<group>"; };
		7CC78E9D2647AF9100ECD48B /* TopicPreviewCollectionViewCell.swift */ = {isa = PBXFileReference; fileEncoding = 4; lastKnownFileType = sourcecode.swift; path = TopicPreviewCollectionViewCell.swift; sourceTree = "<group>"; };
		7CCCEE5426376B82002034EF /* UITextViewExtensions.swift */ = {isa = PBXFileReference; lastKnownFileType = sourcecode.swift; path = UITextViewExtensions.swift; sourceTree = "<group>"; };
		7CE25B58263244D900ADFEDD /* TopicHeaderCollectionViewCell.swift */ = {isa = PBXFileReference; lastKnownFileType = sourcecode.swift; path = TopicHeaderCollectionViewCell.swift; sourceTree = "<group>"; };
		7CE25B5B263244EF00ADFEDD /* TopicQwkDescriptionCollectionViewCell.swift */ = {isa = PBXFileReference; lastKnownFileType = sourcecode.swift; path = TopicQwkDescriptionCollectionViewCell.swift; sourceTree = "<group>"; };
		7CE25B5E2632450000ADFEDD /* TopicVideoCollectionViewCell.swift */ = {isa = PBXFileReference; lastKnownFileType = sourcecode.swift; path = TopicVideoCollectionViewCell.swift; sourceTree = "<group>"; };
		7CE25B612632450C00ADFEDD /* TopicImageCollectionViewCell.swift */ = {isa = PBXFileReference; lastKnownFileType = sourcecode.swift; path = TopicImageCollectionViewCell.swift; sourceTree = "<group>"; };
		7CE25B642632451C00ADFEDD /* TopicAudioCollectionViewCell.swift */ = {isa = PBXFileReference; lastKnownFileType = sourcecode.swift; path = TopicAudioCollectionViewCell.swift; sourceTree = "<group>"; };
		7CE25B672632452700ADFEDD /* TopicDiscussionCollectionViewCell.swift */ = {isa = PBXFileReference; lastKnownFileType = sourcecode.swift; path = TopicDiscussionCollectionViewCell.swift; sourceTree = "<group>"; };
		7CE25B6A2632453D00ADFEDD /* TopicExpertSummaryCollectionViewCell.swift */ = {isa = PBXFileReference; lastKnownFileType = sourcecode.swift; path = TopicExpertSummaryCollectionViewCell.swift; sourceTree = "<group>"; };
		7CE25B6D2632456500ADFEDD /* TopicExternalLinksCollectionViewCell.swift */ = {isa = PBXFileReference; lastKnownFileType = sourcecode.swift; path = TopicExternalLinksCollectionViewCell.swift; sourceTree = "<group>"; };
		7CE25B702632458500ADFEDD /* TopicQwkRecomendtionsCollectionViewCell.swift */ = {isa = PBXFileReference; lastKnownFileType = sourcecode.swift; path = TopicQwkRecomendtionsCollectionViewCell.swift; sourceTree = "<group>"; };
		7CE7D1692658D8570020700A /* StringExtensions.swift */ = {isa = PBXFileReference; lastKnownFileType = sourcecode.swift; path = StringExtensions.swift; sourceTree = "<group>"; };
		7CEAEA8526374D7F0029138E /* RecomendationCollectionViewCell.swift */ = {isa = PBXFileReference; lastKnownFileType = sourcecode.swift; path = RecomendationCollectionViewCell.swift; sourceTree = "<group>"; };
		7CECD4E5264876B6007F767F /* EditDataViewController.swift */ = {isa = PBXFileReference; lastKnownFileType = sourcecode.swift; path = EditDataViewController.swift; sourceTree = "<group>"; };
		7CECD4E82648C4B4007F767F /* SuggestionCellCollectionViewCell.swift */ = {isa = PBXFileReference; lastKnownFileType = sourcecode.swift; path = SuggestionCellCollectionViewCell.swift; sourceTree = "<group>"; };
		7CECD4EB2649C88D007F767F /* SettingsTableViewController.swift */ = {isa = PBXFileReference; lastKnownFileType = sourcecode.swift; path = SettingsTableViewController.swift; sourceTree = "<group>"; };
		8979D1FF1C3EB49BB786CD81 /* Pods-qwkipedia.release.xcconfig */ = {isa = PBXFileReference; includeInIndex = 1; lastKnownFileType = text.xcconfig; name = "Pods-qwkipedia.release.xcconfig"; path = "Target Support Files/Pods-qwkipedia/Pods-qwkipedia.release.xcconfig"; sourceTree = "<group>"; };
		92C770B3D84FFB4686113AC1 /* Pods_qwkipedia.framework */ = {isa = PBXFileReference; explicitFileType = wrapper.framework; includeInIndex = 0; path = Pods_qwkipedia.framework; sourceTree = BUILT_PRODUCTS_DIR; };
		B36EB940E52B48D0ED4067A7 /* Pods-qwkipedia.debug.xcconfig */ = {isa = PBXFileReference; includeInIndex = 1; lastKnownFileType = text.xcconfig; name = "Pods-qwkipedia.debug.xcconfig"; path = "Target Support Files/Pods-qwkipedia/Pods-qwkipedia.debug.xcconfig"; sourceTree = "<group>"; };
/* End PBXFileReference section */

/* Begin PBXFrameworksBuildPhase section */
		7C1C34B8261D913F00C9F893 /* Frameworks */ = {
			isa = PBXFrameworksBuildPhase;
			buildActionMask = 2147483647;
			files = (
				9976943381AF366305B6FD7E /* Pods_qwkipedia.framework in Frameworks */,
			);
			runOnlyForDeploymentPostprocessing = 0;
		};
/* End PBXFrameworksBuildPhase section */

/* Begin PBXGroup section */
		1C6C4E85262CCCA00067B444 /* ViewControllers */ = {
			isa = PBXGroup;
			children = (
				7C5C885C2664CB29006BE7ED /* AddNewTopicViewController.swift */,
				7C36B11F26544F5D00694E17 /* EditScreens */,
				7C23813D26525C7F0073ED55 /* MainTabBarViewController.swift */,
				7CB4037D264F0FB6004655E0 /* ExternalLinkWebViewController.swift */,
				7CECD4EB2649C88D007F767F /* SettingsTableViewController.swift */,
				7CECD4E5264876B6007F767F /* EditDataViewController.swift */,
				7C4E4624263F2FE400DA51E4 /* DiscussionViewController.swift */,
				7C4E4621263F23C000DA51E4 /* MorePageViewController.swift */,
				7C48663D2631548D00DC9AC4 /* TopicPageViewController.swift */,
				7C653977262E14CB00014A51 /* HomePageCollectionViewController.swift */,
				7C653972262D5B7300014A51 /* SearchCollectionViewController.swift */,
				7C65396F262D5A0E00014A51 /* FavoritesCollectionViewController.swift */,
				7C1C34C2261D913F00C9F893 /* RegisterViewController.swift */,
				1C6C4EA0262CD2D60067B444 /* LoginViewController.swift */,
				1C6C4EBB262CD7D50067B444 /* SetProfileViewController.swift */,
				1C51821C2636662F00137C0B /* ForgotPasswordViewController.swift */,
				1C8FA066263FAF4700259484 /* PublicProfileViewController.swift */,
			);
			path = ViewControllers;
			sourceTree = "<group>";
		};
		1C6EE590262E7FB60067F869 /* GlobalModels */ = {
			isa = PBXGroup;
			children = (
				7CE7D1692658D8570020700A /* StringExtensions.swift */,
				7C4E4627263F35C900DA51E4 /* ChooserEnums.swift */,
				7CAD57A82638C62E00427ED0 /* UITextViewExtensions.swift */,
				7C65398A262E63B000014A51 /* UIImageExtensions.swift */,
				7C653982262E41B800014A51 /* QwkColors.swift */,
				1C6C4EA3262CD5170067B444 /* Constants.swift */,
				1C6EE591262E7FE20067F869 /* Utilities.swift */,
				1C51821926364AA900137C0B /* UIViewExtensions.swift */,
				1C7D74A5264B705700E16168 /* Message.swift */,
				1C97B7C4265491CB008D91AC /* Interests.swift */,
			);
			path = GlobalModels;
			sourceTree = "<group>";
		};
		48243A56626DBE4CC21AB469 /* Frameworks */ = {
			isa = PBXGroup;
			children = (
				92C770B3D84FFB4686113AC1 /* Pods_qwkipedia.framework */,
			);
			name = Frameworks;
			sourceTree = "<group>";
		};
		6B49817A744B645A23D8B78E /* Pods */ = {
			isa = PBXGroup;
			children = (
				B36EB940E52B48D0ED4067A7 /* Pods-qwkipedia.debug.xcconfig */,
				8979D1FF1C3EB49BB786CD81 /* Pods-qwkipedia.release.xcconfig */,
			);
			path = Pods;
			sourceTree = "<group>";
		};
		7C1C34B2261D913F00C9F893 = {
			isa = PBXGroup;
			children = (
				7C1C34BD261D913F00C9F893 /* qwkipedia */,
				7C1C34BC261D913F00C9F893 /* Products */,
				6B49817A744B645A23D8B78E /* Pods */,
				48243A56626DBE4CC21AB469 /* Frameworks */,
				7CAD575C2638BC2500427ED0 /* Recovered References */,
			);
			sourceTree = "<group>";
		};
		7C1C34BC261D913F00C9F893 /* Products */ = {
			isa = PBXGroup;
			children = (
				7C1C34BB261D913F00C9F893 /* qwkipedia.app */,
			);
			name = Products;
			sourceTree = "<group>";
		};
		7C1C34BD261D913F00C9F893 /* qwkipedia */ = {
			isa = PBXGroup;
			children = (
				7C71C93C2652FA4D007B91EA /* Fonts */,
				7C54489B2647B4DA00F069CE /* Assets.xcassets */,
				7C1C34BE261D913F00C9F893 /* AppDelegate.swift */,
				7C1C34C0261D913F00C9F893 /* SceneDelegate.swift */,
				7C1C34C4261D913F00C9F893 /* Main.storyboard */,
				7C4E4666263FBD8100DA51E4 /* CustomViews */,
				1C6EE590262E7FB60067F869 /* GlobalModels */,
				7C7BF0092652F14600285A5F /* NavigationControllers */,
				1C6C4E85262CCCA00067B444 /* ViewControllers */,
				7CAE80CF262FEE4700CB1979 /* Cells */,
				7C1C34C9261D914100C9F893 /* LaunchScreen.storyboard */,
				1C7D74A7264B794A00E16168 /* GoogleService-Info.plist */,
				7C1C34CC261D914100C9F893 /* Info.plist */,
				7C4DC09C2652F366009DA9E0 /* LocalResources */,
				7CB40CED2655C4D00091A36E /* DataStructForRetrievingDataFromServer.swift */,
			);
			path = qwkipedia;
			sourceTree = "<group>";
		};
		7C36B11F26544F5D00694E17 /* EditScreens */ = {
			isa = PBXGroup;
			children = (
				7C36B1212654505800694E17 /* EditQwkDescriptionViewController.swift */,
				7C36B1242654506300694E17 /* EditVideoViewController.swift */,
				7C36B1272654507000694E17 /* EditImageViewController.swift */,
				7C36B12A2654507E00694E17 /* EditExternalLinkViewController.swift */,
			);
			path = EditScreens;
			sourceTree = "<group>";
		};
		7C4DC09C2652F366009DA9E0 /* LocalResources */ = {
			isa = PBXGroup;
			children = (
				7CB2C53F2633757A003A2F24 /* DummyData.swift */,
				7CB2C54226338F12003A2F24 /* puppySound.wav */,
			);
			path = LocalResources;
			sourceTree = "<group>";
		};
		7C4E462A263F534D00DA51E4 /* MorePageViewCells */ = {
			isa = PBXGroup;
			children = (
				7C4E462B263F53A000DA51E4 /* MoreMediaCollectionViewCell.swift */,
			);
			path = MorePageViewCells;
			sourceTree = "<group>";
		};
		7C4E4666263FBD8100DA51E4 /* CustomViews */ = {
			isa = PBXGroup;
			children = (
				7CAEF1B52648658800FFD2FC /* GradientBackgroundUIView.swift */,
				7C4E4667263FBD8E00DA51E4 /* VoterView.swift */,
				1C7D74A3264B6FE100E16168 /* MessageCell.swift */,
				1C7D74A1264B6FD600E16168 /* MessageCell.xib */,
				1C97B7C7265492D4008D91AC /* SelectInterestsCollectionViewCell.swift */,
				1C97B7C6265492D4008D91AC /* SelectInterestsCollectionViewCell.xib */,
			);
			path = CustomViews;
			sourceTree = "<group>";
		};
		7C71C93C2652FA4D007B91EA /* Fonts */ = {
			isa = PBXGroup;
			children = (
				7C71C9462652FAA4007B91EA /* Timmana-Regular.ttf */,
				7C71C9432652FA9B007B91EA /* Shrikhand-Regular.ttf */,
				7C71C9402652FA80007B91EA /* Megrim-Regular.ttf */,
				7C71C93D2652FA70007B91EA /* Galada-Regular.ttf */,
			);
			path = Fonts;
			sourceTree = "<group>";
		};
		7C7BF0092652F14600285A5F /* NavigationControllers */ = {
			isa = PBXGroup;
			children = (
				7C4C183D26531AAD0019BBB7 /* SearchPageNavigationController.swift */,
				7C4C183A26531A2A0019BBB7 /* FavoritesPageNavigationController.swift */,
				7C7BF00A2652F14600285A5F /* HomePageNavigationController.swift */,
			);
			path = NavigationControllers;
			sourceTree = "<group>";
		};
		7CAD575C2638BC2500427ED0 /* Recovered References */ = {
			isa = PBXGroup;
			children = (
				7CCCEE5426376B82002034EF /* UITextViewExtensions.swift */,
			);
			name = "Recovered References";
			sourceTree = "<group>";
		};
		7CAE80CF262FEE4700CB1979 /* Cells */ = {
			isa = PBXGroup;
			children = (
				7C5C88592664C871006BE7ED /* CreateNewPageTableViewCell.swift */,
				7C8A676D264F24E700C6F681 /* UrlStackViewCell.swift */,
				7CECD4E82648C4B4007F767F /* SuggestionCellCollectionViewCell.swift */,
				7C4E462A263F534D00DA51E4 /* MorePageViewCells */,
				7CE25B562632421F00ADFEDD /* TopicPageViewCells */,
				7C68940F262EAA790024DA06 /* FavoritesItemCollectionViewCell.swift */,
				7C48663A263149B200DC9AC4 /* SearchResultsTableViewCell.swift */,
				7CC78E9D2647AF9100ECD48B /* TopicPreviewCollectionViewCell.swift */,
			);
			path = Cells;
			sourceTree = "<group>";
		};
		7CE25B562632421F00ADFEDD /* TopicPageViewCells */ = {
			isa = PBXGroup;
			children = (
				7CE25B6D2632456500ADFEDD /* TopicExternalLinksCollectionViewCell.swift */,
				7CB40379264E1760004655E0 /* TopicExternalLinkTableViewCell.swift */,
				7CEAEA8526374D7F0029138E /* RecomendationCollectionViewCell.swift */,
				7CE25B58263244D900ADFEDD /* TopicHeaderCollectionViewCell.swift */,
				7CE25B5B263244EF00ADFEDD /* TopicQwkDescriptionCollectionViewCell.swift */,
				7CE25B5E2632450000ADFEDD /* TopicVideoCollectionViewCell.swift */,
				7CE25B612632450C00ADFEDD /* TopicImageCollectionViewCell.swift */,
				7CE25B642632451C00ADFEDD /* TopicAudioCollectionViewCell.swift */,
				7CE25B672632452700ADFEDD /* TopicDiscussionCollectionViewCell.swift */,
				7CE25B6A2632453D00ADFEDD /* TopicExpertSummaryCollectionViewCell.swift */,
				7CE25B702632458500ADFEDD /* TopicQwkRecomendtionsCollectionViewCell.swift */,
			);
			path = TopicPageViewCells;
			sourceTree = "<group>";
		};
/* End PBXGroup section */

/* Begin PBXNativeTarget section */
		7C1C34BA261D913F00C9F893 /* qwkipedia */ = {
			isa = PBXNativeTarget;
			buildConfigurationList = 7C1C34CF261D914100C9F893 /* Build configuration list for PBXNativeTarget "qwkipedia" */;
			buildPhases = (
				392D4B05BFFA63450DB8EA97 /* [CP] Check Pods Manifest.lock */,
				7C1C34B7261D913F00C9F893 /* Sources */,
				7C1C34B8261D913F00C9F893 /* Frameworks */,
				7C1C34B9261D913F00C9F893 /* Resources */,
				3245C159A1A00AB7BE9C088F /* [CP] Embed Pods Frameworks */,
			);
			buildRules = (
			);
			dependencies = (
			);
			name = qwkipedia;
			productName = qwkipedia;
			productReference = 7C1C34BB261D913F00C9F893 /* qwkipedia.app */;
			productType = "com.apple.product-type.application";
		};
/* End PBXNativeTarget section */

/* Begin PBXProject section */
		7C1C34B3261D913F00C9F893 /* Project object */ = {
			isa = PBXProject;
			attributes = {
				LastSwiftUpdateCheck = 1240;
				LastUpgradeCheck = 1240;
				TargetAttributes = {
					7C1C34BA261D913F00C9F893 = {
						CreatedOnToolsVersion = 12.4;
					};
				};
			};
			buildConfigurationList = 7C1C34B6261D913F00C9F893 /* Build configuration list for PBXProject "qwkipedia" */;
			compatibilityVersion = "Xcode 9.3";
			developmentRegion = en;
			hasScannedForEncodings = 0;
			knownRegions = (
				en,
				Base,
			);
			mainGroup = 7C1C34B2261D913F00C9F893;
			productRefGroup = 7C1C34BC261D913F00C9F893 /* Products */;
			projectDirPath = "";
			projectRoot = "";
			targets = (
				7C1C34BA261D913F00C9F893 /* qwkipedia */,
			);
		};
/* End PBXProject section */

/* Begin PBXResourcesBuildPhase section */
		7C1C34B9261D913F00C9F893 /* Resources */ = {
			isa = PBXResourcesBuildPhase;
			buildActionMask = 2147483647;
			files = (
				7C71C93E2652FA70007B91EA /* Galada-Regular.ttf in Resources */,
				7C71C9442652FA9B007B91EA /* Shrikhand-Regular.ttf in Resources */,
				7CB2C54326338F12003A2F24 /* puppySound.wav in Resources */,
				1C7D74A2264B6FD600E16168 /* MessageCell.xib in Resources */,
				7C1C34CB261D914100C9F893 /* LaunchScreen.storyboard in Resources */,
				1C97B7C8265492D4008D91AC /* SelectInterestsCollectionViewCell.xib in Resources */,
				7C1C34C6261D913F00C9F893 /* Main.storyboard in Resources */,
				7C54489C2647B4DA00F069CE /* Assets.xcassets in Resources */,
				7C71C9472652FAA4007B91EA /* Timmana-Regular.ttf in Resources */,
				7C71C9412652FA81007B91EA /* Megrim-Regular.ttf in Resources */,
				1C7D74A8264B794A00E16168 /* GoogleService-Info.plist in Resources */,
			);
			runOnlyForDeploymentPostprocessing = 0;
		};
/* End PBXResourcesBuildPhase section */

/* Begin PBXShellScriptBuildPhase section */
		3245C159A1A00AB7BE9C088F /* [CP] Embed Pods Frameworks */ = {
			isa = PBXShellScriptBuildPhase;
			buildActionMask = 2147483647;
			files = (
			);
			inputFileListPaths = (
				"${PODS_ROOT}/Target Support Files/Pods-qwkipedia/Pods-qwkipedia-frameworks-${CONFIGURATION}-input-files.xcfilelist",
			);
			name = "[CP] Embed Pods Frameworks";
			outputFileListPaths = (
				"${PODS_ROOT}/Target Support Files/Pods-qwkipedia/Pods-qwkipedia-frameworks-${CONFIGURATION}-output-files.xcfilelist",
			);
			runOnlyForDeploymentPostprocessing = 0;
			shellPath = /bin/sh;
			shellScript = "\"${PODS_ROOT}/Target Support Files/Pods-qwkipedia/Pods-qwkipedia-frameworks.sh\"\n";
			showEnvVarsInLog = 0;
		};
		392D4B05BFFA63450DB8EA97 /* [CP] Check Pods Manifest.lock */ = {
			isa = PBXShellScriptBuildPhase;
			buildActionMask = 2147483647;
			files = (
			);
			inputFileListPaths = (
			);
			inputPaths = (
				"${PODS_PODFILE_DIR_PATH}/Podfile.lock",
				"${PODS_ROOT}/Manifest.lock",
			);
			name = "[CP] Check Pods Manifest.lock";
			outputFileListPaths = (
			);
			outputPaths = (
				"$(DERIVED_FILE_DIR)/Pods-qwkipedia-checkManifestLockResult.txt",
			);
			runOnlyForDeploymentPostprocessing = 0;
			shellPath = /bin/sh;
			shellScript = "diff \"${PODS_PODFILE_DIR_PATH}/Podfile.lock\" \"${PODS_ROOT}/Manifest.lock\" > /dev/null\nif [ $? != 0 ] ; then\n    # print error to STDERR\n    echo \"error: The sandbox is not in sync with the Podfile.lock. Run 'pod install' or update your CocoaPods installation.\" >&2\n    exit 1\nfi\n# This output is used by Xcode 'outputs' to avoid re-running this script phase.\necho \"SUCCESS\" > \"${SCRIPT_OUTPUT_FILE_0}\"\n";
			showEnvVarsInLog = 0;
		};
/* End PBXShellScriptBuildPhase section */

/* Begin PBXSourcesBuildPhase section */
		7C1C34B7261D913F00C9F893 /* Sources */ = {
			isa = PBXSourcesBuildPhase;
			buildActionMask = 2147483647;
			files = (
				7CB4037E264F0FB6004655E0 /* ExternalLinkWebViewController.swift in Sources */,
				1C97B7C9265492D4008D91AC /* SelectInterestsCollectionViewCell.swift in Sources */,
				7CE25B682632452700ADFEDD /* TopicDiscussionCollectionViewCell.swift in Sources */,
				7C65398B262E63B000014A51 /* UIImageExtensions.swift in Sources */,
				7CE25B6E2632456500ADFEDD /* TopicExternalLinksCollectionViewCell.swift in Sources */,
				7CAD57A92638C62E00427ED0 /* UITextViewExtensions.swift in Sources */,
				7CE25B622632450C00ADFEDD /* TopicImageCollectionViewCell.swift in Sources */,
				7C689410262EAA790024DA06 /* FavoritesItemCollectionViewCell.swift in Sources */,
				1C97B7C5265491CB008D91AC /* Interests.swift in Sources */,
				7CE25B5F2632450000ADFEDD /* TopicVideoCollectionViewCell.swift in Sources */,
				7C8A676E264F24E700C6F681 /* UrlStackViewCell.swift in Sources */,
				7C23813E26525C7F0073ED55 /* MainTabBarViewController.swift in Sources */,
				7C1C34BF261D913F00C9F893 /* AppDelegate.swift in Sources */,
				7CE25B59263244D900ADFEDD /* TopicHeaderCollectionViewCell.swift in Sources */,
				7C5C885D2664CB29006BE7ED /* AddNewTopicViewController.swift in Sources */,
				7C5C885A2664C871006BE7ED /* CreateNewPageTableViewCell.swift in Sources */,
				1C51821D2636662F00137C0B /* ForgotPasswordViewController.swift in Sources */,
				7C4C183E26531AAD0019BBB7 /* SearchPageNavigationController.swift in Sources */,
				7C653970262D5A0E00014A51 /* FavoritesCollectionViewController.swift in Sources */,
				7C653973262D5B7300014A51 /* SearchCollectionViewController.swift in Sources */,
				1C7D74A6264B705700E16168 /* Message.swift in Sources */,
				7C36B1222654505800694E17 /* EditQwkDescriptionViewController.swift in Sources */,
				7C653978262E14CB00014A51 /* HomePageCollectionViewController.swift in Sources */,
				7CC78E9E2647AF9100ECD48B /* TopicPreviewCollectionViewCell.swift in Sources */,
				7CE25B652632451C00ADFEDD /* TopicAudioCollectionViewCell.swift in Sources */,
				7CEAEA8626374D7F0029138E /* RecomendationCollectionViewCell.swift in Sources */,
				7C36B1252654506300694E17 /* EditVideoViewController.swift in Sources */,
				7CECD4E6264876B6007F767F /* EditDataViewController.swift in Sources */,
				7CECD4E92648C4B4007F767F /* SuggestionCellCollectionViewCell.swift in Sources */,
				7C4C183B26531A2A0019BBB7 /* FavoritesPageNavigationController.swift in Sources */,
				7CB40CEE2655C4D00091A36E /* DataStructForRetrievingDataFromServer.swift in Sources */,
				1C6C4EBC262CD7D50067B444 /* SetProfileViewController.swift in Sources */,
				7CAEF1B62648658800FFD2FC /* GradientBackgroundUIView.swift in Sources */,
				1C6C4EBC262CD7D50067B444 /* SetProfileViewController.swift in Sources */,
				7CE25B712632458500ADFEDD /* TopicQwkRecomendtionsCollectionViewCell.swift in Sources */,
				1C6C4EA4262CD5170067B444 /* Constants.swift in Sources */,
				7C7BF00B2652F14700285A5F /* HomePageNavigationController.swift in Sources */,
				7CE25B5C263244EF00ADFEDD /* TopicQwkDescriptionCollectionViewCell.swift in Sources */,
				1C51821A26364AA900137C0B /* UIViewExtensions.swift in Sources */,
				7C4E462C263F53A000DA51E4 /* MoreMediaCollectionViewCell.swift in Sources */,
				1C8FA067263FAF4700259484 /* PublicProfileViewController.swift in Sources */,
				1C6C4EA1262CD2D60067B444 /* LoginViewController.swift in Sources */,
				7C1C34C3261D913F00C9F893 /* RegisterViewController.swift in Sources */,
				7C36B1282654507000694E17 /* EditImageViewController.swift in Sources */,
				7CE25B6B2632453D00ADFEDD /* TopicExpertSummaryCollectionViewCell.swift in Sources */,
				1C6EE592262E7FE20067F869 /* Utilities.swift in Sources */,
				7C4E4628263F35C900DA51E4 /* ChooserEnums.swift in Sources */,
				1C7D74A4264B6FE100E16168 /* MessageCell.swift in Sources */,
				7CECD4EC2649C88D007F767F /* SettingsTableViewController.swift in Sources */,
				7CB4037A264E1760004655E0 /* TopicExternalLinkTableViewCell.swift in Sources */,
				7C4E4625263F2FE400DA51E4 /* DiscussionViewController.swift in Sources */,
				7CB2C5402633757A003A2F24 /* DummyData.swift in Sources */,
				7CE7D16A2658D8570020700A /* StringExtensions.swift in Sources */,
				7C48663B263149B200DC9AC4 /* SearchResultsTableViewCell.swift in Sources */,
				7C48663E2631548D00DC9AC4 /* TopicPageViewController.swift in Sources */,
				7C1C34C1261D913F00C9F893 /* SceneDelegate.swift in Sources */,
				7C4E4668263FBD8E00DA51E4 /* VoterView.swift in Sources */,
				7C4E4668263FBD8E00DA51E4 /* VoterView.swift in Sources */,
				7C653983262E41B800014A51 /* QwkColors.swift in Sources */,
				7C4E4622263F23C000DA51E4 /* MorePageViewController.swift in Sources */,
				7C36B12B2654507E00694E17 /* EditExternalLinkViewController.swift in Sources */,
			);
			runOnlyForDeploymentPostprocessing = 0;
		};
/* End PBXSourcesBuildPhase section */

/* Begin PBXVariantGroup section */
		7C1C34C4261D913F00C9F893 /* Main.storyboard */ = {
			isa = PBXVariantGroup;
			children = (
				7C1C34C5261D913F00C9F893 /* Base */,
			);
			name = Main.storyboard;
			sourceTree = "<group>";
		};
		7C1C34C9261D914100C9F893 /* LaunchScreen.storyboard */ = {
			isa = PBXVariantGroup;
			children = (
				7C1C34CA261D914100C9F893 /* Base */,
			);
			name = LaunchScreen.storyboard;
			sourceTree = "<group>";
		};
/* End PBXVariantGroup section */

/* Begin XCBuildConfiguration section */
		7C1C34CD261D914100C9F893 /* Debug */ = {
			isa = XCBuildConfiguration;
			buildSettings = {
				ALWAYS_SEARCH_USER_PATHS = NO;
				CLANG_ANALYZER_NONNULL = YES;
				CLANG_ANALYZER_NUMBER_OBJECT_CONVERSION = YES_AGGRESSIVE;
				CLANG_CXX_LANGUAGE_STANDARD = "gnu++14";
				CLANG_CXX_LIBRARY = "libc++";
				CLANG_ENABLE_MODULES = YES;
				CLANG_ENABLE_OBJC_ARC = YES;
				CLANG_ENABLE_OBJC_WEAK = YES;
				CLANG_WARN_BLOCK_CAPTURE_AUTORELEASING = YES;
				CLANG_WARN_BOOL_CONVERSION = YES;
				CLANG_WARN_COMMA = YES;
				CLANG_WARN_CONSTANT_CONVERSION = YES;
				CLANG_WARN_DEPRECATED_OBJC_IMPLEMENTATIONS = YES;
				CLANG_WARN_DIRECT_OBJC_ISA_USAGE = YES_ERROR;
				CLANG_WARN_DOCUMENTATION_COMMENTS = YES;
				CLANG_WARN_EMPTY_BODY = YES;
				CLANG_WARN_ENUM_CONVERSION = YES;
				CLANG_WARN_INFINITE_RECURSION = YES;
				CLANG_WARN_INT_CONVERSION = YES;
				CLANG_WARN_NON_LITERAL_NULL_CONVERSION = YES;
				CLANG_WARN_OBJC_IMPLICIT_RETAIN_SELF = YES;
				CLANG_WARN_OBJC_LITERAL_CONVERSION = YES;
				CLANG_WARN_OBJC_ROOT_CLASS = YES_ERROR;
				CLANG_WARN_QUOTED_INCLUDE_IN_FRAMEWORK_HEADER = YES;
				CLANG_WARN_RANGE_LOOP_ANALYSIS = YES;
				CLANG_WARN_STRICT_PROTOTYPES = YES;
				CLANG_WARN_SUSPICIOUS_MOVE = YES;
				CLANG_WARN_UNGUARDED_AVAILABILITY = YES_AGGRESSIVE;
				CLANG_WARN_UNREACHABLE_CODE = YES;
				CLANG_WARN__DUPLICATE_METHOD_MATCH = YES;
				COPY_PHASE_STRIP = NO;
				DEBUG_INFORMATION_FORMAT = dwarf;
				ENABLE_STRICT_OBJC_MSGSEND = YES;
				ENABLE_TESTABILITY = YES;
				GCC_C_LANGUAGE_STANDARD = gnu11;
				GCC_DYNAMIC_NO_PIC = NO;
				GCC_NO_COMMON_BLOCKS = YES;
				GCC_OPTIMIZATION_LEVEL = 0;
				GCC_PREPROCESSOR_DEFINITIONS = (
					"DEBUG=1",
					"$(inherited)",
				);
				GCC_WARN_64_TO_32_BIT_CONVERSION = YES;
				GCC_WARN_ABOUT_RETURN_TYPE = YES_ERROR;
				GCC_WARN_UNDECLARED_SELECTOR = YES;
				GCC_WARN_UNINITIALIZED_AUTOS = YES_AGGRESSIVE;
				GCC_WARN_UNUSED_FUNCTION = YES;
				GCC_WARN_UNUSED_VARIABLE = YES;
				IPHONEOS_DEPLOYMENT_TARGET = 13.6;
				MTL_ENABLE_DEBUG_INFO = INCLUDE_SOURCE;
				MTL_FAST_MATH = YES;
				ONLY_ACTIVE_ARCH = YES;
				SDKROOT = iphoneos;
				SWIFT_ACTIVE_COMPILATION_CONDITIONS = DEBUG;
				SWIFT_OPTIMIZATION_LEVEL = "-Onone";
			};
			name = Debug;
		};
		7C1C34CE261D914100C9F893 /* Release */ = {
			isa = XCBuildConfiguration;
			buildSettings = {
				ALWAYS_SEARCH_USER_PATHS = NO;
				CLANG_ANALYZER_NONNULL = YES;
				CLANG_ANALYZER_NUMBER_OBJECT_CONVERSION = YES_AGGRESSIVE;
				CLANG_CXX_LANGUAGE_STANDARD = "gnu++14";
				CLANG_CXX_LIBRARY = "libc++";
				CLANG_ENABLE_MODULES = YES;
				CLANG_ENABLE_OBJC_ARC = YES;
				CLANG_ENABLE_OBJC_WEAK = YES;
				CLANG_WARN_BLOCK_CAPTURE_AUTORELEASING = YES;
				CLANG_WARN_BOOL_CONVERSION = YES;
				CLANG_WARN_COMMA = YES;
				CLANG_WARN_CONSTANT_CONVERSION = YES;
				CLANG_WARN_DEPRECATED_OBJC_IMPLEMENTATIONS = YES;
				CLANG_WARN_DIRECT_OBJC_ISA_USAGE = YES_ERROR;
				CLANG_WARN_DOCUMENTATION_COMMENTS = YES;
				CLANG_WARN_EMPTY_BODY = YES;
				CLANG_WARN_ENUM_CONVERSION = YES;
				CLANG_WARN_INFINITE_RECURSION = YES;
				CLANG_WARN_INT_CONVERSION = YES;
				CLANG_WARN_NON_LITERAL_NULL_CONVERSION = YES;
				CLANG_WARN_OBJC_IMPLICIT_RETAIN_SELF = YES;
				CLANG_WARN_OBJC_LITERAL_CONVERSION = YES;
				CLANG_WARN_OBJC_ROOT_CLASS = YES_ERROR;
				CLANG_WARN_QUOTED_INCLUDE_IN_FRAMEWORK_HEADER = YES;
				CLANG_WARN_RANGE_LOOP_ANALYSIS = YES;
				CLANG_WARN_STRICT_PROTOTYPES = YES;
				CLANG_WARN_SUSPICIOUS_MOVE = YES;
				CLANG_WARN_UNGUARDED_AVAILABILITY = YES_AGGRESSIVE;
				CLANG_WARN_UNREACHABLE_CODE = YES;
				CLANG_WARN__DUPLICATE_METHOD_MATCH = YES;
				COPY_PHASE_STRIP = NO;
				DEBUG_INFORMATION_FORMAT = "dwarf-with-dsym";
				ENABLE_NS_ASSERTIONS = NO;
				ENABLE_STRICT_OBJC_MSGSEND = YES;
				GCC_C_LANGUAGE_STANDARD = gnu11;
				GCC_NO_COMMON_BLOCKS = YES;
				GCC_WARN_64_TO_32_BIT_CONVERSION = YES;
				GCC_WARN_ABOUT_RETURN_TYPE = YES_ERROR;
				GCC_WARN_UNDECLARED_SELECTOR = YES;
				GCC_WARN_UNINITIALIZED_AUTOS = YES_AGGRESSIVE;
				GCC_WARN_UNUSED_FUNCTION = YES;
				GCC_WARN_UNUSED_VARIABLE = YES;
				IPHONEOS_DEPLOYMENT_TARGET = 13.6;
				MTL_ENABLE_DEBUG_INFO = NO;
				MTL_FAST_MATH = YES;
				SDKROOT = iphoneos;
				SWIFT_COMPILATION_MODE = wholemodule;
				SWIFT_OPTIMIZATION_LEVEL = "-O";
				VALIDATE_PRODUCT = YES;
			};
			name = Release;
		};
		7C1C34D0261D914100C9F893 /* Debug */ = {
			isa = XCBuildConfiguration;
			baseConfigurationReference = B36EB940E52B48D0ED4067A7 /* Pods-qwkipedia.debug.xcconfig */;
			buildSettings = {
				ASSETCATALOG_COMPILER_APPICON_NAME = "AppIcon-9";
				CODE_SIGN_STYLE = Automatic;
				DEVELOPMENT_TEAM = 8PTR25572E;
				INFOPLIST_FILE = qwkipedia/Info.plist;
				IPHONEOS_DEPLOYMENT_TARGET = 13.6;
				LD_RUNPATH_SEARCH_PATHS = (
					"$(inherited)",
					"@executable_path/Frameworks",
				);
				PRODUCT_BUNDLE_IDENTIFIER = jomidProductions.qwkipedia;
				PRODUCT_NAME = "$(TARGET_NAME)";
				SWIFT_VERSION = 5.0;
				TARGETED_DEVICE_FAMILY = "1,2";
			};
			name = Debug;
		};
		7C1C34D1261D914100C9F893 /* Release */ = {
			isa = XCBuildConfiguration;
			baseConfigurationReference = 8979D1FF1C3EB49BB786CD81 /* Pods-qwkipedia.release.xcconfig */;
			buildSettings = {
				ASSETCATALOG_COMPILER_APPICON_NAME = "AppIcon-9";
				CODE_SIGN_STYLE = Automatic;
				DEVELOPMENT_TEAM = 8PTR25572E;
				INFOPLIST_FILE = qwkipedia/Info.plist;
				IPHONEOS_DEPLOYMENT_TARGET = 13.6;
				LD_RUNPATH_SEARCH_PATHS = (
					"$(inherited)",
					"@executable_path/Frameworks",
				);
				PRODUCT_BUNDLE_IDENTIFIER = jomidProductions.qwkipedia;
				PRODUCT_NAME = "$(TARGET_NAME)";
				SWIFT_VERSION = 5.0;
				TARGETED_DEVICE_FAMILY = "1,2";
			};
			name = Release;
		};
/* End XCBuildConfiguration section */

/* Begin XCConfigurationList section */
		7C1C34B6261D913F00C9F893 /* Build configuration list for PBXProject "qwkipedia" */ = {
			isa = XCConfigurationList;
			buildConfigurations = (
				7C1C34CD261D914100C9F893 /* Debug */,
				7C1C34CE261D914100C9F893 /* Release */,
			);
			defaultConfigurationIsVisible = 0;
			defaultConfigurationName = Release;
		};
		7C1C34CF261D914100C9F893 /* Build configuration list for PBXNativeTarget "qwkipedia" */ = {
			isa = XCConfigurationList;
			buildConfigurations = (
				7C1C34D0261D914100C9F893 /* Debug */,
				7C1C34D1261D914100C9F893 /* Release */,
			);
			defaultConfigurationIsVisible = 0;
			defaultConfigurationName = Release;
		};
/* End XCConfigurationList section */
	};
	rootObject = 7C1C34B3261D913F00C9F893 /* Project object */;
}
